
Microsoft Visual Studio Solution File, Format Version 12.00
# Visual Studio Version 16
VisualStudioVersion = 16.0.31624.102
MinimumVisualStudioVersion = 10.0.40219.1
Project("{9A19103F-16F7-4668-BE54-9A1E7A4F7556}") = "PersonalityTest", "PersonalityTest\PersonalityTest.csproj", "{C7C5DADD-1856-4BC2-BE87-42F03BF26D9E}"
EndProject
Project("{9A19103F-16F7-4668-BE54-9A1E7A4F7556}") = "PersonalityTestSwitch", "PersonalityTestSwitch\PersonalityTestSwitch.csproj", "{6150B47A-112C-49F6-9340-0D90A1D1EFC5}"
EndProject
Project("{9A19103F-16F7-4668-BE54-9A1E7A4F7556}") = "GradingIF", "GradingIF\GradingIF.csproj", "{74017013-CC6E-4899-9CB8-F71E06E107FD}"
EndProject
Project("{9A19103F-16F7-4668-BE54-9A1E7A4F7556}") = "GradingSwitch", "GradingSwitch\GradingSwitch.csproj", "{BB61574E-3D10-4E3C-811E-FA01EF4E0F8D}"
EndProject
Project("{FAE04EC0-301F-11D3-BF4B-00C04F79EFBC}") = "CatsAndDogs", "CatsAndDogs\CatsAndDogs.csproj", "{31054583-287C-41E6-B792-DA7C977DA904}"
EndProject
Global
	GlobalSection(SolutionConfigurationPlatforms) = preSolution
		Debug|Any CPU = Debug|Any CPU
		Release|Any CPU = Release|Any CPU
	EndGlobalSection
	GlobalSection(ProjectConfigurationPlatforms) = postSolution
		{C7C5DADD-1856-4BC2-BE87-42F03BF26D9E}.Debug|Any CPU.ActiveCfg = Debug|Any CPU
		{C7C5DADD-1856-4BC2-BE87-42F03BF26D9E}.Debug|Any CPU.Build.0 = Debug|Any CPU
		{C7C5DADD-1856-4BC2-BE87-42F03BF26D9E}.Release|Any CPU.ActiveCfg = Release|Any CPU
		{C7C5DADD-1856-4BC2-BE87-42F03BF26D9E}.Release|Any CPU.Build.0 = Release|Any CPU
		{6150B47A-112C-49F6-9340-0D90A1D1EFC5}.Debug|Any CPU.ActiveCfg = Debug|Any CPU
		{6150B47A-112C-49F6-9340-0D90A1D1EFC5}.Debug|Any CPU.Build.0 = Debug|Any CPU
		{6150B47A-112C-49F6-9340-0D90A1D1EFC5}.Release|Any CPU.ActiveCfg = Release|Any CPU
		{6150B47A-112C-49F6-9340-0D90A1D1EFC5}.Release|Any CPU.Build.0 = Release|Any CPU
		{74017013-CC6E-4899-9CB8-F71E06E107FD}.Debug|Any CPU.ActiveCfg = Debug|Any CPU
		{74017013-CC6E-4899-9CB8-F71E06E107FD}.Debug|Any CPU.Build.0 = Debug|Any CPU
		{74017013-CC6E-4899-9CB8-F71E06E107FD}.Release|Any CPU.ActiveCfg = Release|Any CPU
		{74017013-CC6E-4899-9CB8-F71E06E107FD}.Release|Any CPU.Build.0 = Release|Any CPU
		{BB61574E-3D10-4E3C-811E-FA01EF4E0F8D}.Debug|Any CPU.ActiveCfg = Debug|Any CPU
		{BB61574E-3D10-4E3C-811E-FA01EF4E0F8D}.Debug|Any CPU.Build.0 = Debug|Any CPU
		{BB61574E-3D10-4E3C-811E-FA01EF4E0F8D}.Release|Any CPU.ActiveCfg = Release|Any CPU
		{BB61574E-3D10-4E3C-811E-FA01EF4E0F8D}.Release|Any CPU.Build.0 = Release|Any CPU
		{31054583-287C-41E6-B792-DA7C977DA904}.Debug|Any CPU.ActiveCfg = Debug|Any CPU
		{31054583-287C-41E6-B792-DA7C977DA904}.Debug|Any CPU.Build.0 = Debug|Any CPU
		{31054583-287C-41E6-B792-DA7C977DA904}.Release|Any CPU.ActiveCfg = Release|Any CPU
		{31054583-287C-41E6-B792-DA7C977DA904}.Release|Any CPU.Build.0 = Release|Any CPU
	EndGlobalSection
	GlobalSection(SolutionProperties) = preSolution
		HideSolutionNode = FALSE
	EndGlobalSection
	GlobalSection(ExtensibilityGlobals) = postSolution
		SolutionGuid = {31D8C604-374D-43E1-8C07-A12F91177F10}
	EndGlobalSection
EndGlobal
